
Microsoft Visual Studio Solution File, Format Version 12.00
# Visual Studio Version 17
VisualStudioVersion = 17.0.32126.317
MinimumVisualStudioVersion = 10.0.40219.1
Project("{9A19103F-16F7-4668-BE54-9A1E7A4F7556}") = "Blazor_Layouts", "Blazor_Layouts\Blazor_Layouts.csproj", "{5AE400BD-2FC9-4667-A034-880D1C2CFBBD}"
EndProject
Global
	GlobalSection(SolutionConfigurationPlatforms) = preSolution
		Debug|Any CPU = Debug|Any CPU
		Release|Any CPU = Release|Any CPU
	EndGlobalSection
	GlobalSection(ProjectConfigurationPlatforms) = postSolution
		{5AE400BD-2FC9-4667-A034-880D1C2CFBBD}.Debug|Any CPU.ActiveCfg = Debug|Any CPU
		{5AE400BD-2FC9-4667-A034-880D1C2CFBBD}.Debug|Any CPU.Build.0 = Debug|Any CPU
		{5AE400BD-2FC9-4667-A034-880D1C2CFBBD}.Release|Any CPU.ActiveCfg = Release|Any CPU
		{5AE400BD-2FC9-4667-A034-880D1C2CFBBD}.Release|Any CPU.Build.0 = Release|Any CPU
	EndGlobalSection
	GlobalSection(SolutionProperties) = preSolution
		HideSolutionNode = FALSE
	EndGlobalSection
	GlobalSection(ExtensibilityGlobals) = postSolution
		SolutionGuid = {0398787C-EBF2-4449-BC35-8A87EB1CD17E}
	EndGlobalSection
EndGlobal
